// !$*UTF8*$!
{
	archiveVersion = 1;
	classes = {
	};
	objectVersion = 46;
	objects = {

/* Begin PBXBuildFile section */
		19163C4B19CC53210085C1D4 /* ResultTableViewController.swift in Sources */ = {isa = PBXBuildFile; fileRef = 19163C4A19CC53210085C1D4 /* ResultTableViewController.swift */; };
		19163C7F19CC64B30085C1D4 /* ResultStore.swift in Sources */ = {isa = PBXBuildFile; fileRef = 19163C7E19CC64B30085C1D4 /* ResultStore.swift */; };
		19163C8419CC78800085C1D4 /* SearchManager.swift in Sources */ = {isa = PBXBuildFile; fileRef = 19163C8319CC78800085C1D4 /* SearchManager.swift */; };
		19163C8619CC89960085C1D4 /* FilterCriteria.swift in Sources */ = {isa = PBXBuildFile; fileRef = 19163C8519CC89960085C1D4 /* FilterCriteria.swift */; };
		19163C8819CCB31C0085C1D4 /* MapKit.framework in Frameworks */ = {isa = PBXBuildFile; fileRef = 19163C8719CCB31B0085C1D4 /* MapKit.framework */; };
		1949D08D19CCBC4B0076E1DA /* BeersViewController.swift in Sources */ = {isa = PBXBuildFile; fileRef = 1949D08C19CCBC4B0076E1DA /* BeersViewController.swift */; };
		1971A2D919CB237000E1395A /* ResultCell.swift in Sources */ = {isa = PBXBuildFile; fileRef = 1971A2D819CB237000E1395A /* ResultCell.swift */; };
		1971A2DE19CB388E00E1395A /* SearchResult.swift in Sources */ = {isa = PBXBuildFile; fileRef = 1971A2DD19CB388E00E1395A /* SearchResult.swift */; };
		1977A4F219CB4DE50010B019 /* CoreLocation.framework in Frameworks */ = {isa = PBXBuildFile; fileRef = 1977A4F119CB4DE50010B019 /* CoreLocation.framework */; };
		1977A50919CB5F7E0010B019 /* Alamofire.framework in Frameworks */ = {isa = PBXBuildFile; fileRef = 1977A50619CB5F6D0010B019 /* Alamofire.framework */; };
		1977A50A19CB5F7E0010B019 /* Alamofire.framework in Embed Frameworks */ = {isa = PBXBuildFile; fileRef = 1977A50619CB5F6D0010B019 /* Alamofire.framework */; settings = {ATTRIBUTES = (CodeSignOnCopy, RemoveHeadersOnCopy, ); }; };
		198E8D8419CF33FD00F1CFE9 /* Beverage.swift in Sources */ = {isa = PBXBuildFile; fileRef = 198E8D8319CF33FD00F1CFE9 /* Beverage.swift */; };
		198E8D8619CF342B00F1CFE9 /* BeverageStore.swift in Sources */ = {isa = PBXBuildFile; fileRef = 198E8D8519CF342B00F1CFE9 /* BeverageStore.swift */; };
		19E77D1B19D2FC6A00D1D257 /* BeerView.swift in Sources */ = {isa = PBXBuildFile; fileRef = 19E77D1A19D2FC6A00D1D257 /* BeerView.swift */; };
		19FE0FDB19C8BD5B0043A920 /* AppDelegate.swift in Sources */ = {isa = PBXBuildFile; fileRef = 19FE0FDA19C8BD5B0043A920 /* AppDelegate.swift */; };
		19FE0FDD19C8BD5B0043A920 /* ViewController.swift in Sources */ = {isa = PBXBuildFile; fileRef = 19FE0FDC19C8BD5B0043A920 /* ViewController.swift */; };
		19FE0FE019C8BD5B0043A920 /* Main.storyboard in Resources */ = {isa = PBXBuildFile; fileRef = 19FE0FDE19C8BD5B0043A920 /* Main.storyboard */; };
		19FE0FE219C8BD5B0043A920 /* Images.xcassets in Resources */ = {isa = PBXBuildFile; fileRef = 19FE0FE119C8BD5B0043A920 /* Images.xcassets */; };
		19FE0FE519C8BD5B0043A920 /* LaunchScreen.xib in Resources */ = {isa = PBXBuildFile; fileRef = 19FE0FE319C8BD5B0043A920 /* LaunchScreen.xib */; };
		19FE0FF119C8BD5B0043A920 /* NewHollandTests.swift in Sources */ = {isa = PBXBuildFile; fileRef = 19FE0FF019C8BD5B0043A920 /* NewHollandTests.swift */; };
/* End PBXBuildFile section */

/* Begin PBXContainerItemProxy section */
		1977A50519CB5F6D0010B019 /* PBXContainerItemProxy */ = {
			isa = PBXContainerItemProxy;
			containerPortal = 1977A50019CB5F6D0010B019 /* Alamofire.xcodeproj */;
			proxyType = 2;
			remoteGlobalIDString = F8111E3319A95C8B0040E7D1;
			remoteInfo = Alamofire;
		};
		1977A50719CB5F6D0010B019 /* PBXContainerItemProxy */ = {
			isa = PBXContainerItemProxy;
			containerPortal = 1977A50019CB5F6D0010B019 /* Alamofire.xcodeproj */;
			proxyType = 2;
			remoteGlobalIDString = F8111E3E19A95C8B0040E7D1;
			remoteInfo = AlamofireTests;
		};
		1977A50B19CB5F7E0010B019 /* PBXContainerItemProxy */ = {
			isa = PBXContainerItemProxy;
			containerPortal = 1977A50019CB5F6D0010B019 /* Alamofire.xcodeproj */;
			proxyType = 1;
			remoteGlobalIDString = F8111E3219A95C8B0040E7D1;
			remoteInfo = Alamofire;
		};
		19FE0FEB19C8BD5B0043A920 /* PBXContainerItemProxy */ = {
			isa = PBXContainerItemProxy;
			containerPortal = 19FE0FCD19C8BD5B0043A920 /* Project object */;
			proxyType = 1;
			remoteGlobalIDString = 19FE0FD419C8BD5B0043A920;
			remoteInfo = NewHolland;
		};
/* End PBXContainerItemProxy section */

/* Begin PBXCopyFilesBuildPhase section */
		1977A50D19CB5F7E0010B019 /* Embed Frameworks */ = {
			isa = PBXCopyFilesBuildPhase;
			buildActionMask = 2147483647;
			dstPath = "";
			dstSubfolderSpec = 10;
			files = (
				1977A50A19CB5F7E0010B019 /* Alamofire.framework in Embed Frameworks */,
			);
			name = "Embed Frameworks";
			runOnlyForDeploymentPostprocessing = 0;
		};
/* End PBXCopyFilesBuildPhase section */

/* Begin PBXFileReference section */
		19163C4A19CC53210085C1D4 /* ResultTableViewController.swift */ = {isa = PBXFileReference; fileEncoding = 4; lastKnownFileType = sourcecode.swift; path = ResultTableViewController.swift; sourceTree = "<group>"; };
		19163C7E19CC64B30085C1D4 /* ResultStore.swift */ = {isa = PBXFileReference; fileEncoding = 4; lastKnownFileType = sourcecode.swift; path = ResultStore.swift; sourceTree = "<group>"; };
		19163C8319CC78800085C1D4 /* SearchManager.swift */ = {isa = PBXFileReference; fileEncoding = 4; lastKnownFileType = sourcecode.swift; path = SearchManager.swift; sourceTree = "<group>"; };
		19163C8519CC89960085C1D4 /* FilterCriteria.swift */ = {isa = PBXFileReference; fileEncoding = 4; lastKnownFileType = sourcecode.swift; path = FilterCriteria.swift; sourceTree = "<group>"; };
		19163C8719CCB31B0085C1D4 /* MapKit.framework */ = {isa = PBXFileReference; lastKnownFileType = wrapper.framework; name = MapKit.framework; path = System/Library/Frameworks/MapKit.framework; sourceTree = SDKROOT; };
		1949D08C19CCBC4B0076E1DA /* BeersViewController.swift */ = {isa = PBXFileReference; fileEncoding = 4; lastKnownFileType = sourcecode.swift; path = BeersViewController.swift; sourceTree = "<group>"; };
		1971A2D819CB237000E1395A /* ResultCell.swift */ = {isa = PBXFileReference; fileEncoding = 4; lastKnownFileType = sourcecode.swift; path = ResultCell.swift; sourceTree = "<group>"; };
		1971A2DD19CB388E00E1395A /* SearchResult.swift */ = {isa = PBXFileReference; fileEncoding = 4; lastKnownFileType = sourcecode.swift; path = SearchResult.swift; sourceTree = "<group>"; };
		1977A4F119CB4DE50010B019 /* CoreLocation.framework */ = {isa = PBXFileReference; lastKnownFileType = wrapper.framework; name = CoreLocation.framework; path = System/Library/Frameworks/CoreLocation.framework; sourceTree = SDKROOT; };
		1977A50019CB5F6D0010B019 /* Alamofire.xcodeproj */ = {isa = PBXFileReference; lastKnownFileType = "wrapper.pb-project"; name = Alamofire.xcodeproj; path = ../Alamofire/Alamofire.xcodeproj; sourceTree = "<group>"; };
		198E8D8319CF33FD00F1CFE9 /* Beverage.swift */ = {isa = PBXFileReference; fileEncoding = 4; lastKnownFileType = sourcecode.swift; path = Beverage.swift; sourceTree = "<group>"; };
		198E8D8519CF342B00F1CFE9 /* BeverageStore.swift */ = {isa = PBXFileReference; fileEncoding = 4; lastKnownFileType = sourcecode.swift; path = BeverageStore.swift; sourceTree = "<group>"; };
		19E77D1A19D2FC6A00D1D257 /* BeerView.swift */ = {isa = PBXFileReference; fileEncoding = 4; lastKnownFileType = sourcecode.swift; path = BeerView.swift; sourceTree = "<group>"; };
		19FE0FD519C8BD5B0043A920 /* NewHolland.app */ = {isa = PBXFileReference; explicitFileType = wrapper.application; includeInIndex = 0; path = NewHolland.app; sourceTree = BUILT_PRODUCTS_DIR; };
		19FE0FD919C8BD5B0043A920 /* Info.plist */ = {isa = PBXFileReference; lastKnownFileType = text.plist.xml; path = Info.plist; sourceTree = "<group>"; };
		19FE0FDA19C8BD5B0043A920 /* AppDelegate.swift */ = {isa = PBXFileReference; lastKnownFileType = sourcecode.swift; path = AppDelegate.swift; sourceTree = "<group>"; };
		19FE0FDC19C8BD5B0043A920 /* ViewController.swift */ = {isa = PBXFileReference; lastKnownFileType = sourcecode.swift; path = ViewController.swift; sourceTree = "<group>"; };
		19FE0FDF19C8BD5B0043A920 /* Base */ = {isa = PBXFileReference; lastKnownFileType = file.storyboard; name = Base; path = Base.lproj/Main.storyboard; sourceTree = "<group>"; };
		19FE0FE119C8BD5B0043A920 /* Images.xcassets */ = {isa = PBXFileReference; lastKnownFileType = folder.assetcatalog; path = Images.xcassets; sourceTree = "<group>"; };
		19FE0FE419C8BD5B0043A920 /* Base */ = {isa = PBXFileReference; lastKnownFileType = file.xib; name = Base; path = Base.lproj/LaunchScreen.xib; sourceTree = "<group>"; };
		19FE0FEA19C8BD5B0043A920 /* NewHollandTests.xctest */ = {isa = PBXFileReference; explicitFileType = wrapper.cfbundle; includeInIndex = 0; path = NewHollandTests.xctest; sourceTree = BUILT_PRODUCTS_DIR; };
		19FE0FEF19C8BD5B0043A920 /* Info.plist */ = {isa = PBXFileReference; lastKnownFileType = text.plist.xml; path = Info.plist; sourceTree = "<group>"; };
		19FE0FF019C8BD5B0043A920 /* NewHollandTests.swift */ = {isa = PBXFileReference; lastKnownFileType = sourcecode.swift; path = NewHollandTests.swift; sourceTree = "<group>"; };
/* End PBXFileReference section */

/* Begin PBXFrameworksBuildPhase section */
		19FE0FD219C8BD5B0043A920 /* Frameworks */ = {
			isa = PBXFrameworksBuildPhase;
			buildActionMask = 2147483647;
			files = (
				19163C8819CCB31C0085C1D4 /* MapKit.framework in Frameworks */,
				1977A4F219CB4DE50010B019 /* CoreLocation.framework in Frameworks */,
				1977A50919CB5F7E0010B019 /* Alamofire.framework in Frameworks */,
			);
			runOnlyForDeploymentPostprocessing = 0;
		};
		19FE0FE719C8BD5B0043A920 /* Frameworks */ = {
			isa = PBXFrameworksBuildPhase;
			buildActionMask = 2147483647;
			files = (
			);
			runOnlyForDeploymentPostprocessing = 0;
		};
/* End PBXFrameworksBuildPhase section */

/* Begin PBXGroup section */
		19163C8219CC78700085C1D4 /* manager */ = {
			isa = PBXGroup;
			children = (
				19163C8319CC78800085C1D4 /* SearchManager.swift */,
			);
			name = manager;
			sourceTree = "<group>";
		};
		1971A2DA19CB385600E1395A /* model */ = {
			isa = PBXGroup;
			children = (
				19163C7E19CC64B30085C1D4 /* ResultStore.swift */,
				1971A2DD19CB388E00E1395A /* SearchResult.swift */,
				19163C8519CC89960085C1D4 /* FilterCriteria.swift */,
				198E8D8319CF33FD00F1CFE9 /* Beverage.swift */,
				198E8D8519CF342B00F1CFE9 /* BeverageStore.swift */,
			);
			name = model;
			sourceTree = "<group>";
		};
		1971A2DB19CB386000E1395A /* view */ = {
			isa = PBXGroup;
			children = (
				19FE0FDE19C8BD5B0043A920 /* Main.storyboard */,
				1971A2D819CB237000E1395A /* ResultCell.swift */,
				19E77D1A19D2FC6A00D1D257 /* BeerView.swift */,
			);
			name = view;
			sourceTree = "<group>";
		};
		1971A2DC19CB386500E1395A /* controller */ = {
			isa = PBXGroup;
			children = (
				19FE0FDC19C8BD5B0043A920 /* ViewController.swift */,
				19163C4A19CC53210085C1D4 /* ResultTableViewController.swift */,
				1949D08C19CCBC4B0076E1DA /* BeersViewController.swift */,
			);
			name = controller;
			sourceTree = "<group>";
		};
		1977A50119CB5F6D0010B019 /* Products */ = {
			isa = PBXGroup;
			children = (
				1977A50619CB5F6D0010B019 /* Alamofire.framework */,
				1977A50819CB5F6D0010B019 /* AlamofireTests.xctest */,
			);
			name = Products;
			sourceTree = "<group>";
		};
		19FE0FCC19C8BD5B0043A920 = {
			isa = PBXGroup;
			children = (
				19163C8719CCB31B0085C1D4 /* MapKit.framework */,
				1977A50019CB5F6D0010B019 /* Alamofire.xcodeproj */,
				1977A4F119CB4DE50010B019 /* CoreLocation.framework */,
				19FE0FD719C8BD5B0043A920 /* NewHolland */,
				19FE0FED19C8BD5B0043A920 /* NewHollandTests */,
				19FE0FD619C8BD5B0043A920 /* Products */,
			);
			sourceTree = "<group>";
		};
		19FE0FD619C8BD5B0043A920 /* Products */ = {
			isa = PBXGroup;
			children = (
				19FE0FD519C8BD5B0043A920 /* NewHolland.app */,
				19FE0FEA19C8BD5B0043A920 /* NewHollandTests.xctest */,
			);
			name = Products;
			sourceTree = "<group>";
		};
		19FE0FD719C8BD5B0043A920 /* NewHolland */ = {
			isa = PBXGroup;
			children = (
				19163C8219CC78700085C1D4 /* manager */,
				1971A2DC19CB386500E1395A /* controller */,
				1971A2DB19CB386000E1395A /* view */,
				1971A2DA19CB385600E1395A /* model */,
				19FE0FDA19C8BD5B0043A920 /* AppDelegate.swift */,
				19FE0FE119C8BD5B0043A920 /* Images.xcassets */,
				19FE0FE319C8BD5B0043A920 /* LaunchScreen.xib */,
				19FE0FD819C8BD5B0043A920 /* Supporting Files */,
			);
			path = NewHolland;
			sourceTree = "<group>";
		};
		19FE0FD819C8BD5B0043A920 /* Supporting Files */ = {
			isa = PBXGroup;
			children = (
				19FE0FD919C8BD5B0043A920 /* Info.plist */,
			);
			name = "Supporting Files";
			sourceTree = "<group>";
		};
		19FE0FED19C8BD5B0043A920 /* NewHollandTests */ = {
			isa = PBXGroup;
			children = (
				19FE0FF019C8BD5B0043A920 /* NewHollandTests.swift */,
				19FE0FEE19C8BD5B0043A920 /* Supporting Files */,
			);
			path = NewHollandTests;
			sourceTree = "<group>";
		};
		19FE0FEE19C8BD5B0043A920 /* Supporting Files */ = {
			isa = PBXGroup;
			children = (
				19FE0FEF19C8BD5B0043A920 /* Info.plist */,
			);
			name = "Supporting Files";
			sourceTree = "<group>";
		};
/* End PBXGroup section */

/* Begin PBXNativeTarget section */
		19FE0FD419C8BD5B0043A920 /* NewHolland */ = {
			isa = PBXNativeTarget;
			buildConfigurationList = 19FE0FF419C8BD5B0043A920 /* Build configuration list for PBXNativeTarget "NewHolland" */;
			buildPhases = (
				19FE0FD119C8BD5B0043A920 /* Sources */,
				19FE0FD219C8BD5B0043A920 /* Frameworks */,
				19FE0FD319C8BD5B0043A920 /* Resources */,
				1977A50D19CB5F7E0010B019 /* Embed Frameworks */,
			);
			buildRules = (
			);
			dependencies = (
				1977A50C19CB5F7E0010B019 /* PBXTargetDependency */,
			);
			name = NewHolland;
			productName = NewHolland;
			productReference = 19FE0FD519C8BD5B0043A920 /* NewHolland.app */;
			productType = "com.apple.product-type.application";
		};
		19FE0FE919C8BD5B0043A920 /* NewHollandTests */ = {
			isa = PBXNativeTarget;
			buildConfigurationList = 19FE0FF719C8BD5B0043A920 /* Build configuration list for PBXNativeTarget "NewHollandTests" */;
			buildPhases = (
				19FE0FE619C8BD5B0043A920 /* Sources */,
				19FE0FE719C8BD5B0043A920 /* Frameworks */,
				19FE0FE819C8BD5B0043A920 /* Resources */,
			);
			buildRules = (
			);
			dependencies = (
				19FE0FEC19C8BD5B0043A920 /* PBXTargetDependency */,
			);
			name = NewHollandTests;
			productName = NewHollandTests;
			productReference = 19FE0FEA19C8BD5B0043A920 /* NewHollandTests.xctest */;
			productType = "com.apple.product-type.bundle.unit-test";
		};
/* End PBXNativeTarget section */

/* Begin PBXProject section */
		19FE0FCD19C8BD5B0043A920 /* Project object */ = {
			isa = PBXProject;
			attributes = {
				LastUpgradeCheck = 0600;
				ORGANIZATIONNAME = "Jeremy Dyer";
				TargetAttributes = {
					19FE0FD419C8BD5B0043A920 = {
						CreatedOnToolsVersion = 6.0;
					};
					19FE0FE919C8BD5B0043A920 = {
						CreatedOnToolsVersion = 6.0;
						TestTargetID = 19FE0FD419C8BD5B0043A920;
					};
				};
			};
			buildConfigurationList = 19FE0FD019C8BD5B0043A920 /* Build configuration list for PBXProject "NewHolland" */;
			compatibilityVersion = "Xcode 3.2";
			developmentRegion = English;
			hasScannedForEncodings = 0;
			knownRegions = (
				en,
				Base,
			);
			mainGroup = 19FE0FCC19C8BD5B0043A920;
			productRefGroup = 19FE0FD619C8BD5B0043A920 /* Products */;
			projectDirPath = "";
			projectReferences = (
				{
					ProductGroup = 1977A50119CB5F6D0010B019 /* Products */;
					ProjectRef = 1977A50019CB5F6D0010B019 /* Alamofire.xcodeproj */;
				},
			);
			projectRoot = "";
			targets = (
				19FE0FD419C8BD5B0043A920 /* NewHolland */,
				19FE0FE919C8BD5B0043A920 /* NewHollandTests */,
			);
		};
/* End PBXProject section */

/* Begin PBXReferenceProxy section */
		1977A50619CB5F6D0010B019 /* Alamofire.framework */ = {
			isa = PBXReferenceProxy;
			fileType = wrapper.framework;
			path = Alamofire.framework;
			remoteRef = 1977A50519CB5F6D0010B019 /* PBXContainerItemProxy */;
			sourceTree = BUILT_PRODUCTS_DIR;
		};
		1977A50819CB5F6D0010B019 /* AlamofireTests.xctest */ = {
			isa = PBXReferenceProxy;
			fileType = wrapper.cfbundle;
			path = AlamofireTests.xctest;
			remoteRef = 1977A50719CB5F6D0010B019 /* PBXContainerItemProxy */;
			sourceTree = BUILT_PRODUCTS_DIR;
		};
/* End PBXReferenceProxy section */

/* Begin PBXResourcesBuildPhase section */
		19FE0FD319C8BD5B0043A920 /* Resources */ = {
			isa = PBXResourcesBuildPhase;
			buildActionMask = 2147483647;
			files = (
				19FE0FE019C8BD5B0043A920 /* Main.storyboard in Resources */,
				19FE0FE519C8BD5B0043A920 /* LaunchScreen.xib in Resources */,
				19FE0FE219C8BD5B0043A920 /* Images.xcassets in Resources */,
			);
			runOnlyForDeploymentPostprocessing = 0;
		};
		19FE0FE819C8BD5B0043A920 /* Resources */ = {
			isa = PBXResourcesBuildPhase;
			buildActionMask = 2147483647;
			files = (
			);
			runOnlyForDeploymentPostprocessing = 0;
		};
/* End PBXResourcesBuildPhase section */

/* Begin PBXSourcesBuildPhase section */
		19FE0FD119C8BD5B0043A920 /* Sources */ = {
			isa = PBXSourcesBuildPhase;
			buildActionMask = 2147483647;
			files = (
				198E8D8619CF342B00F1CFE9 /* BeverageStore.swift in Sources */,
				198E8D8419CF33FD00F1CFE9 /* Beverage.swift in Sources */,
				19E77D1B19D2FC6A00D1D257 /* BeerView.swift in Sources */,
				19163C8619CC89960085C1D4 /* FilterCriteria.swift in Sources */,
				19FE0FDD19C8BD5B0043A920 /* ViewController.swift in Sources */,
				19163C8419CC78800085C1D4 /* SearchManager.swift in Sources */,
				19FE0FDB19C8BD5B0043A920 /* AppDelegate.swift in Sources */,
				19163C7F19CC64B30085C1D4 /* ResultStore.swift in Sources */,
				19163C4B19CC53210085C1D4 /* ResultTableViewController.swift in Sources */,
				1971A2DE19CB388E00E1395A /* SearchResult.swift in Sources */,
				1971A2D919CB237000E1395A /* ResultCell.swift in Sources */,
				1949D08D19CCBC4B0076E1DA /* BeersViewController.swift in Sources */,
			);
			runOnlyForDeploymentPostprocessing = 0;
		};
		19FE0FE619C8BD5B0043A920 /* Sources */ = {
			isa = PBXSourcesBuildPhase;
			buildActionMask = 2147483647;
			files = (
				19FE0FF119C8BD5B0043A920 /* NewHollandTests.swift in Sources */,
			);
			runOnlyForDeploymentPostprocessing = 0;
		};
/* End PBXSourcesBuildPhase section */

/* Begin PBXTargetDependency section */
		1977A50C19CB5F7E0010B019 /* PBXTargetDependency */ = {
			isa = PBXTargetDependency;
			name = Alamofire;
			targetProxy = 1977A50B19CB5F7E0010B019 /* PBXContainerItemProxy */;
		};
		19FE0FEC19C8BD5B0043A920 /* PBXTargetDependency */ = {
			isa = PBXTargetDependency;
			target = 19FE0FD419C8BD5B0043A920 /* NewHolland */;
			targetProxy = 19FE0FEB19C8BD5B0043A920 /* PBXContainerItemProxy */;
		};
/* End PBXTargetDependency section */

/* Begin PBXVariantGroup section */
		19FE0FDE19C8BD5B0043A920 /* Main.storyboard */ = {
			isa = PBXVariantGroup;
			children = (
				19FE0FDF19C8BD5B0043A920 /* Base */,
			);
			name = Main.storyboard;
			sourceTree = "<group>";
		};
		19FE0FE319C8BD5B0043A920 /* LaunchScreen.xib */ = {
			isa = PBXVariantGroup;
			children = (
				19FE0FE419C8BD5B0043A920 /* Base */,
			);
			name = LaunchScreen.xib;
			sourceTree = "<group>";
		};
/* End PBXVariantGroup section */

/* Begin XCBuildConfiguration section */
		19FE0FF219C8BD5B0043A920 /* Debug */ = {
			isa = XCBuildConfiguration;
			buildSettings = {
				ALWAYS_SEARCH_USER_PATHS = NO;
				CLANG_CXX_LANGUAGE_STANDARD = "gnu++0x";
				CLANG_CXX_LIBRARY = "libc++";
				CLANG_ENABLE_MODULES = YES;
				CLANG_ENABLE_OBJC_ARC = YES;
				CLANG_WARN_BOOL_CONVERSION = YES;
				CLANG_WARN_CONSTANT_CONVERSION = YES;
				CLANG_WARN_DIRECT_OBJC_ISA_USAGE = YES_ERROR;
				CLANG_WARN_EMPTY_BODY = YES;
				CLANG_WARN_ENUM_CONVERSION = YES;
				CLANG_WARN_INT_CONVERSION = YES;
				CLANG_WARN_OBJC_ROOT_CLASS = YES_ERROR;
				CLANG_WARN_UNREACHABLE_CODE = YES;
				CLANG_WARN__DUPLICATE_METHOD_MATCH = YES;
				"CODE_SIGN_IDENTITY[sdk=iphoneos*]" = "iPhone Developer";
				COPY_PHASE_STRIP = NO;
				ENABLE_STRICT_OBJC_MSGSEND = YES;
				GCC_C_LANGUAGE_STANDARD = gnu99;
				GCC_DYNAMIC_NO_PIC = NO;
				GCC_OPTIMIZATION_LEVEL = 0;
				GCC_PREPROCESSOR_DEFINITIONS = (
					"DEBUG=1",
					"$(inherited)",
				);
				GCC_SYMBOLS_PRIVATE_EXTERN = NO;
				GCC_WARN_64_TO_32_BIT_CONVERSION = YES;
				GCC_WARN_ABOUT_RETURN_TYPE = YES_ERROR;
				GCC_WARN_UNDECLARED_SELECTOR = YES;
				GCC_WARN_UNINITIALIZED_AUTOS = YES_AGGRESSIVE;
				GCC_WARN_UNUSED_FUNCTION = YES;
				GCC_WARN_UNUSED_VARIABLE = YES;
				IPHONEOS_DEPLOYMENT_TARGET = 8.0;
				MTL_ENABLE_DEBUG_INFO = YES;
				ONLY_ACTIVE_ARCH = YES;
				SDKROOT = iphoneos;
				SWIFT_OPTIMIZATION_LEVEL = "-Onone";
				TARGETED_DEVICE_FAMILY = "1,2";
			};
			name = Debug;
		};
		19FE0FF319C8BD5B0043A920 /* Release */ = {
			isa = XCBuildConfiguration;
			buildSettings = {
				ALWAYS_SEARCH_USER_PATHS = NO;
				CLANG_CXX_LANGUAGE_STANDARD = "gnu++0x";
				CLANG_CXX_LIBRARY = "libc++";
				CLANG_ENABLE_MODULES = YES;
				CLANG_ENABLE_OBJC_ARC = YES;
				CLANG_WARN_BOOL_CONVERSION = YES;
				CLANG_WARN_CONSTANT_CONVERSION = YES;
				CLANG_WARN_DIRECT_OBJC_ISA_USAGE = YES_ERROR;
				CLANG_WARN_EMPTY_BODY = YES;
				CLANG_WARN_ENUM_CONVERSION = YES;
				CLANG_WARN_INT_CONVERSION = YES;
				CLANG_WARN_OBJC_ROOT_CLASS = YES_ERROR;
				CLANG_WARN_UNREACHABLE_CODE = YES;
				CLANG_WARN__DUPLICATE_METHOD_MATCH = YES;
				"CODE_SIGN_IDENTITY[sdk=iphoneos*]" = "iPhone Developer";
				COPY_PHASE_STRIP = YES;
				ENABLE_NS_ASSERTIONS = NO;
				ENABLE_STRICT_OBJC_MSGSEND = YES;
				GCC_C_LANGUAGE_STANDARD = gnu99;
				GCC_WARN_64_TO_32_BIT_CONVERSION = YES;
				GCC_WARN_ABOUT_RETURN_TYPE = YES_ERROR;
				GCC_WARN_UNDECLARED_SELECTOR = YES;
				GCC_WARN_UNINITIALIZED_AUTOS = YES_AGGRESSIVE;
				GCC_WARN_UNUSED_FUNCTION = YES;
				GCC_WARN_UNUSED_VARIABLE = YES;
				IPHONEOS_DEPLOYMENT_TARGET = 8.0;
				MTL_ENABLE_DEBUG_INFO = NO;
				SDKROOT = iphoneos;
				TARGETED_DEVICE_FAMILY = "1,2";
				VALIDATE_PRODUCT = YES;
			};
			name = Release;
		};
		19FE0FF519C8BD5B0043A920 /* Debug */ = {
			isa = XCBuildConfiguration;
			buildSettings = {
				ASSETCATALOG_COMPILER_APPICON_NAME = AppIcon;
				CLANG_ENABLE_MODULES = YES;
				FRAMEWORK_SEARCH_PATHS = (
					"$(inherited)",
					"$(PROJECT_DIR)",
				);
				INFOPLIST_FILE = NewHolland/Info.plist;
				LD_RUNPATH_SEARCH_PATHS = "$(inherited) @executable_path/Frameworks";
				PRODUCT_NAME = "$(TARGET_NAME)";
				SWIFT_OBJC_BRIDGING_HEADER = "";
				SWIFT_OPTIMIZATION_LEVEL = "-Onone";
			};
			name = Debug;
		};
		19FE0FF619C8BD5B0043A920 /* Release */ = {
			isa = XCBuildConfiguration;
			buildSettings = {
				ASSETCATALOG_COMPILER_APPICON_NAME = AppIcon;
				CLANG_ENABLE_MODULES = YES;
				FRAMEWORK_SEARCH_PATHS = (
					"$(inherited)",
					"$(PROJECT_DIR)",
				);
				INFOPLIST_FILE = NewHolland/Info.plist;
				LD_RUNPATH_SEARCH_PATHS = "$(inherited) @executable_path/Frameworks";
				PRODUCT_NAME = "$(TARGET_NAME)";
				SWIFT_OBJC_BRIDGING_HEADER = "";
			};
			name = Release;
		};
		19FE0FF819C8BD5B0043A920 /* Debug */ = {
			isa = XCBuildConfiguration;
			buildSettings = {
				BUNDLE_LOADER = "$(TEST_HOST)";
				FRAMEWORK_SEARCH_PATHS = (
					"$(SDKROOT)/Developer/Library/Frameworks",
					"$(inherited)",
				);
				GCC_PREPROCESSOR_DEFINITIONS = (
					"DEBUG=1",
					"$(inherited)",
				);
				INFOPLIST_FILE = NewHollandTests/Info.plist;
				LD_RUNPATH_SEARCH_PATHS = "$(inherited) @executable_path/Frameworks @loader_path/Frameworks";
				PRODUCT_NAME = "$(TARGET_NAME)";
				TEST_HOST = "$(BUILT_PRODUCTS_DIR)/NewHolland.app/NewHolland";
			};
			name = Debug;
		};
		19FE0FF919C8BD5B0043A920 /* Release */ = {
			isa = XCBuildConfiguration;
			buildSettings = {
				BUNDLE_LOADER = "$(TEST_HOST)";
				FRAMEWORK_SEARCH_PATHS = (
					"$(SDKROOT)/Developer/Library/Frameworks",
					"$(inherited)",
				);
				INFOPLIST_FILE = NewHollandTests/Info.plist;
				LD_RUNPATH_SEARCH_PATHS = "$(inherited) @executable_path/Frameworks @loader_path/Frameworks";
				PRODUCT_NAME = "$(TARGET_NAME)";
				TEST_HOST = "$(BUILT_PRODUCTS_DIR)/NewHolland.app/NewHolland";
			};
			name = Release;
		};
/* End XCBuildConfiguration section */

/* Begin XCConfigurationList section */
		19FE0FD019C8BD5B0043A920 /* Build configuration list for PBXProject "NewHolland" */ = {
			isa = XCConfigurationList;
			buildConfigurations = (
				19FE0FF219C8BD5B0043A920 /* Debug */,
				19FE0FF319C8BD5B0043A920 /* Release */,
			);
			defaultConfigurationIsVisible = 0;
			defaultConfigurationName = Release;
		};
		19FE0FF419C8BD5B0043A920 /* Build configuration list for PBXNativeTarget "NewHolland" */ = {
			isa = XCConfigurationList;
			buildConfigurations = (
				19FE0FF519C8BD5B0043A920 /* Debug */,
				19FE0FF619C8BD5B0043A920 /* Release */,
			);
			defaultConfigurationIsVisible = 0;
			defaultConfigurationName = Release;
		};
		19FE0FF719C8BD5B0043A920 /* Build configuration list for PBXNativeTarget "NewHollandTests" */ = {
			isa = XCConfigurationList;
			buildConfigurations = (
				19FE0FF819C8BD5B0043A920 /* Debug */,
				19FE0FF919C8BD5B0043A920 /* Release */,
			);
			defaultConfigurationIsVisible = 0;
			defaultConfigurationName = Release;
		};
/* End XCConfigurationList section */
	};
	rootObject = 19FE0FCD19C8BD5B0043A920 /* Project object */;
}
